
Microsoft Visual Studio Solution File, Format Version 9.00
# Visual Studio 2005
Project("{8BC9CEB8-8B4A-11D0-8D11-00A0C91BC942}") = "behavior_tree_ai", "behavior_tree_ai\behavior_tree_ai.vcproj", "{CB6F2A15-4079-4666-B681-E6B0500A4742}"
EndProject
Project("{8BC9CEB8-8B4A-11D0-8D11-00A0C91BC942}") = "lib_behavior_tree", "lib_behavior_tree\lib_behavior_tree.vcproj", "{F5CFD55F-9034-442E-A4B3-AFC08A6ADCD1}"
EndProject
Global
	GlobalSection(SolutionConfigurationPlatforms) = preSolution
		Debug|Win32 = Debug|Win32
		Release|Win32 = Release|Win32
	EndGlobalSection
	GlobalSection(ProjectConfigurationPlatforms) = postSolution
		{CB6F2A15-4079-4666-B681-E6B0500A4742}.Debug|Win32.ActiveCfg = Debug|Win32
		{CB6F2A15-4079-4666-B681-E6B0500A4742}.Debug|Win32.Build.0 = Debug|Win32
		{CB6F2A15-4079-4666-B681-E6B0500A4742}.Release|Win32.ActiveCfg = Release|Win32
		{CB6F2A15-4079-4666-B681-E6B0500A4742}.Release|Win32.Build.0 = Release|Win32
		{F5CFD55F-9034-442E-A4B3-AFC08A6ADCD1}.Debug|Win32.ActiveCfg = Debug|Win32
		{F5CFD55F-9034-442E-A4B3-AFC08A6ADCD1}.Debug|Win32.Build.0 = Debug|Win32
		{F5CFD55F-9034-442E-A4B3-AFC08A6ADCD1}.Release|Win32.ActiveCfg = Release|Win32
		{F5CFD55F-9034-442E-A4B3-AFC08A6ADCD1}.Release|Win32.Build.0 = Release|Win32
	EndGlobalSection
	GlobalSection(SolutionProperties) = preSolution
		HideSolutionNode = FALSE
	EndGlobalSection
EndGlobal
